// !$*UTF8*$!
{
	archiveVersion = 1;
	classes = {
	};
	objectVersion = 56;
	objects = {

/* Begin PBXBuildFile section */
		4924EDA1293BBBAF00A42185 /* BadgeModel.swift in Sources */ = {isa = PBXBuildFile; fileRef = 4924EDA0293BBBAF00A42185 /* BadgeModel.swift */; };
		497BD668293BC1CD0041E3DA /* BadgeView.swift in Sources */ = {isa = PBXBuildFile; fileRef = 497BD667293BC1CD0041E3DA /* BadgeView.swift */; };
		497BD66A293BC24A0041E3DA /* BadgeViewModel.swift in Sources */ = {isa = PBXBuildFile; fileRef = 497BD669293BC24A0041E3DA /* BadgeViewModel.swift */; };
		497BD66C293C7D270041E3DA /* BadgeTray.swift in Sources */ = {isa = PBXBuildFile; fileRef = 497BD66B293C7D270041E3DA /* BadgeTray.swift */; };
		497BD66E293C82940041E3DA /* BadgeIntroPopup.swift in Sources */ = {isa = PBXBuildFile; fileRef = 497BD66D293C82940041E3DA /* BadgeIntroPopup.swift */; };
		497BD670293C83120041E3DA /* BadgeEarnedPopup.swift in Sources */ = {isa = PBXBuildFile; fileRef = 497BD66F293C83120041E3DA /* BadgeEarnedPopup.swift */; };
		497BD672293C83650041E3DA /* ProgressLostPopup.swift in Sources */ = {isa = PBXBuildFile; fileRef = 497BD671293C83650041E3DA /* ProgressLostPopup.swift */; };
		497BD675293CE7900041E3DA /* Color+Extension.swift in Sources */ = {isa = PBXBuildFile; fileRef = 497BD674293CE7900041E3DA /* Color+Extension.swift */; };
		497BD679293CEE080041E3DA /* HeartGradient.swift in Sources */ = {isa = PBXBuildFile; fileRef = 497BD678293CEE080041E3DA /* HeartGradient.swift */; };
		8141553E2938FDD4001792F6 /* BadgesApp.swift in Sources */ = {isa = PBXBuildFile; fileRef = 8141553D2938FDD4001792F6 /* BadgesApp.swift */; };
		814155402938FDD4001792F6 /* ContentView.swift in Sources */ = {isa = PBXBuildFile; fileRef = 8141553F2938FDD4001792F6 /* ContentView.swift */; };
		814155422938FDD5001792F6 /* Assets.xcassets in Resources */ = {isa = PBXBuildFile; fileRef = 814155412938FDD5001792F6 /* Assets.xcassets */; };
		814155452938FDD5001792F6 /* Preview Assets.xcassets in Resources */ = {isa = PBXBuildFile; fileRef = 814155442938FDD5001792F6 /* Preview Assets.xcassets */; };
		8141554C2938FF03001792F6 /* Star.swift in Sources */ = {isa = PBXBuildFile; fileRef = 8141554B2938FF03001792F6 /* Star.swift */; };
		8141554E2938FF2F001792F6 /* Polygon.swift in Sources */ = {isa = PBXBuildFile; fileRef = 8141554D2938FF2E001792F6 /* Polygon.swift */; };
/* End PBXBuildFile section */

/* Begin PBXFileReference section */
		4924EDA0293BBBAF00A42185 /* BadgeModel.swift */ = {isa = PBXFileReference; lastKnownFileType = sourcecode.swift; path = BadgeModel.swift; sourceTree = "<group>"; };
		497BD667293BC1CD0041E3DA /* BadgeView.swift */ = {isa = PBXFileReference; lastKnownFileType = sourcecode.swift; path = BadgeView.swift; sourceTree = "<group>"; };
		497BD669293BC24A0041E3DA /* BadgeViewModel.swift */ = {isa = PBXFileReference; lastKnownFileType = sourcecode.swift; path = BadgeViewModel.swift; sourceTree = "<group>"; };
		497BD66B293C7D270041E3DA /* BadgeTray.swift */ = {isa = PBXFileReference; lastKnownFileType = sourcecode.swift; path = BadgeTray.swift; sourceTree = "<group>"; };
		497BD66D293C82940041E3DA /* BadgeIntroPopup.swift */ = {isa = PBXFileReference; lastKnownFileType = sourcecode.swift; path = BadgeIntroPopup.swift; sourceTree = "<group>"; };
		497BD66F293C83120041E3DA /* BadgeEarnedPopup.swift */ = {isa = PBXFileReference; lastKnownFileType = sourcecode.swift; path = BadgeEarnedPopup.swift; sourceTree = "<group>"; };
		497BD671293C83650041E3DA /* ProgressLostPopup.swift */ = {isa = PBXFileReference; lastKnownFileType = sourcecode.swift; path = ProgressLostPopup.swift; sourceTree = "<group>"; };
		497BD674293CE7900041E3DA /* Color+Extension.swift */ = {isa = PBXFileReference; fileEncoding = 4; lastKnownFileType = sourcecode.swift; path = "Color+Extension.swift"; sourceTree = "<group>"; };
		497BD678293CEE080041E3DA /* HeartGradient.swift */ = {isa = PBXFileReference; lastKnownFileType = sourcecode.swift; path = HeartGradient.swift; sourceTree = "<group>"; };
		8141553A2938FDD4001792F6 /* Badges.app */ = {isa = PBXFileReference; explicitFileType = wrapper.application; includeInIndex = 0; path = Badges.app; sourceTree = BUILT_PRODUCTS_DIR; };
		8141553D2938FDD4001792F6 /* BadgesApp.swift */ = {isa = PBXFileReference; lastKnownFileType = sourcecode.swift; path = BadgesApp.swift; sourceTree = "<group>"; };
		8141553F2938FDD4001792F6 /* ContentView.swift */ = {isa = PBXFileReference; lastKnownFileType = sourcecode.swift; path = ContentView.swift; sourceTree = "<group>"; };
		814155412938FDD5001792F6 /* Assets.xcassets */ = {isa = PBXFileReference; lastKnownFileType = folder.assetcatalog; path = Assets.xcassets; sourceTree = "<group>"; };
		814155442938FDD5001792F6 /* Preview Assets.xcassets */ = {isa = PBXFileReference; lastKnownFileType = folder.assetcatalog; path = "Preview Assets.xcassets"; sourceTree = "<group>"; };
		8141554B2938FF03001792F6 /* Star.swift */ = {isa = PBXFileReference; lastKnownFileType = sourcecode.swift; path = Star.swift; sourceTree = "<group>"; };
		8141554D2938FF2E001792F6 /* Polygon.swift */ = {isa = PBXFileReference; lastKnownFileType = sourcecode.swift; path = Polygon.swift; sourceTree = "<group>"; };
/* End PBXFileReference section */

/* Begin PBXFrameworksBuildPhase section */
		814155372938FDD4001792F6 /* Frameworks */ = {
			isa = PBXFrameworksBuildPhase;
			buildActionMask = 2147483647;
			files = (
			);
			runOnlyForDeploymentPostprocessing = 0;
		};
/* End PBXFrameworksBuildPhase section */

/* Begin PBXGroup section */
		497BD673293C840E0041E3DA /* BadgePopups */ = {
			isa = PBXGroup;
			children = (
				497BD671293C83650041E3DA /* ProgressLostPopup.swift */,
				497BD66F293C83120041E3DA /* BadgeEarnedPopup.swift */,
				497BD66D293C82940041E3DA /* BadgeIntroPopup.swift */,
			);
			path = BadgePopups;
			sourceTree = "<group>";
		};
		814155312938FDD4001792F6 = {
			isa = PBXGroup;
			children = (
				497BD673293C840E0041E3DA /* BadgePopups */,
				497BD66B293C7D270041E3DA /* BadgeTray.swift */,
				497BD669293BC24A0041E3DA /* BadgeViewModel.swift */,
				497BD667293BC1CD0041E3DA /* BadgeView.swift */,
				4924EDA0293BBBAF00A42185 /* BadgeModel.swift */,
				497BD678293CEE080041E3DA /* HeartGradient.swift */,
				8141553C2938FDD4001792F6 /* Badges */,
				8141553B2938FDD4001792F6 /* Products */,
			);
			sourceTree = "<group>";
		};
		8141553B2938FDD4001792F6 /* Products */ = {
			isa = PBXGroup;
			children = (
				8141553A2938FDD4001792F6 /* Badges.app */,
			);
			name = Products;
			sourceTree = "<group>";
		};
		8141553C2938FDD4001792F6 /* Badges */ = {
			isa = PBXGroup;
			children = (
				8141553D2938FDD4001792F6 /* BadgesApp.swift */,
				8141553F2938FDD4001792F6 /* ContentView.swift */,
				8141554B2938FF03001792F6 /* Star.swift */,
				8141554D2938FF2E001792F6 /* Polygon.swift */,
				814155412938FDD5001792F6 /* Assets.xcassets */,
				814155432938FDD5001792F6 /* Preview Content */,
			);
			path = Badges;
			sourceTree = "<group>";
		};
		814155432938FDD5001792F6 /* Preview Content */ = {
			isa = PBXGroup;
			children = (
				497BD674293CE7900041E3DA /* Color+Extension.swift */,
				814155442938FDD5001792F6 /* Preview Assets.xcassets */,
			);
			path = "Preview Content";
			sourceTree = "<group>";
		};
/* End PBXGroup section */

/* Begin PBXNativeTarget section */
		814155392938FDD4001792F6 /* Badges */ = {
			isa = PBXNativeTarget;
			buildConfigurationList = 814155482938FDD5001792F6 /* Build configuration list for PBXNativeTarget "Badges" */;
			buildPhases = (
				814155362938FDD4001792F6 /* Sources */,
				814155372938FDD4001792F6 /* Frameworks */,
				814155382938FDD4001792F6 /* Resources */,
			);
			buildRules = (
			);
			dependencies = (
			);
			name = Badges;
			productName = Badges;
			productReference = 8141553A2938FDD4001792F6 /* Badges.app */;
			productType = "com.apple.product-type.application";
		};
/* End PBXNativeTarget section */

/* Begin PBXProject section */
		814155322938FDD4001792F6 /* Project object */ = {
			isa = PBXProject;
			attributes = {
				BuildIndependentTargetsInParallel = 1;
				LastSwiftUpdateCheck = 1400;
				LastUpgradeCheck = 1400;
				TargetAttributes = {
					814155392938FDD4001792F6 = {
						CreatedOnToolsVersion = 14.0;
					};
				};
			};
			buildConfigurationList = 814155352938FDD4001792F6 /* Build configuration list for PBXProject "Badges" */;
			compatibilityVersion = "Xcode 14.0";
			developmentRegion = en;
			hasScannedForEncodings = 0;
			knownRegions = (
				en,
				Base,
			);
			mainGroup = 814155312938FDD4001792F6;
			productRefGroup = 8141553B2938FDD4001792F6 /* Products */;
			projectDirPath = "";
			projectRoot = "";
			targets = (
				814155392938FDD4001792F6 /* Badges */,
			);
		};
/* End PBXProject section */

/* Begin PBXResourcesBuildPhase section */
		814155382938FDD4001792F6 /* Resources */ = {
			isa = PBXResourcesBuildPhase;
			buildActionMask = 2147483647;
			files = (
				814155452938FDD5001792F6 /* Preview Assets.xcassets in Resources */,
				814155422938FDD5001792F6 /* Assets.xcassets in Resources */,
			);
			runOnlyForDeploymentPostprocessing = 0;
		};
/* End PBXResourcesBuildPhase section */

/* Begin PBXSourcesBuildPhase section */
		814155362938FDD4001792F6 /* Sources */ = {
			isa = PBXSourcesBuildPhase;
			buildActionMask = 2147483647;
			files = (
				4924EDA1293BBBAF00A42185 /* BadgeModel.swift in Sources */,
				497BD668293BC1CD0041E3DA /* BadgeView.swift in Sources */,
				497BD679293CEE080041E3DA /* HeartGradient.swift in Sources */,
				497BD66A293BC24A0041E3DA /* BadgeViewModel.swift in Sources */,
				8141554E2938FF2F001792F6 /* Polygon.swift in Sources */,
				497BD672293C83650041E3DA /* ProgressLostPopup.swift in Sources */,
				8141554C2938FF03001792F6 /* Star.swift in Sources */,
				497BD66C293C7D270041E3DA /* BadgeTray.swift in Sources */,
				497BD675293CE7900041E3DA /* Color+Extension.swift in Sources */,
				814155402938FDD4001792F6 /* ContentView.swift in Sources */,
				497BD670293C83120041E3DA /* BadgeEarnedPopup.swift in Sources */,
				8141553E2938FDD4001792F6 /* BadgesApp.swift in Sources */,
				497BD66E293C82940041E3DA /* BadgeIntroPopup.swift in Sources */,
			);
			runOnlyForDeploymentPostprocessing = 0;
		};
/* End PBXSourcesBuildPhase section */

/* Begin XCBuildConfiguration section */
		814155462938FDD5001792F6 /* Debug */ = {
			isa = XCBuildConfiguration;
			buildSettings = {
				ALWAYS_SEARCH_USER_PATHS = NO;
				CLANG_ANALYZER_NONNULL = YES;
				CLANG_ANALYZER_NUMBER_OBJECT_CONVERSION = YES_AGGRESSIVE;
				CLANG_CXX_LANGUAGE_STANDARD = "gnu++20";
				CLANG_ENABLE_MODULES = YES;
				CLANG_ENABLE_OBJC_ARC = YES;
				CLANG_ENABLE_OBJC_WEAK = YES;
				CLANG_WARN_BLOCK_CAPTURE_AUTORELEASING = YES;
				CLANG_WARN_BOOL_CONVERSION = YES;
				CLANG_WARN_COMMA = YES;
				CLANG_WARN_CONSTANT_CONVERSION = YES;
				CLANG_WARN_DEPRECATED_OBJC_IMPLEMENTATIONS = YES;
				CLANG_WARN_DIRECT_OBJC_ISA_USAGE = YES_ERROR;
				CLANG_WARN_DOCUMENTATION_COMMENTS = YES;
				CLANG_WARN_EMPTY_BODY = YES;
				CLANG_WARN_ENUM_CONVERSION = YES;
				CLANG_WARN_INFINITE_RECURSION = YES;
				CLANG_WARN_INT_CONVERSION = YES;
				CLANG_WARN_NON_LITERAL_NULL_CONVERSION = YES;
				CLANG_WARN_OBJC_IMPLICIT_RETAIN_SELF = YES;
				CLANG_WARN_OBJC_LITERAL_CONVERSION = YES;
				CLANG_WARN_OBJC_ROOT_CLASS = YES_ERROR;
				CLANG_WARN_QUOTED_INCLUDE_IN_FRAMEWORK_HEADER = YES;
				CLANG_WARN_RANGE_LOOP_ANALYSIS = YES;
				CLANG_WARN_STRICT_PROTOTYPES = YES;
				CLANG_WARN_SUSPICIOUS_MOVE = YES;
				CLANG_WARN_UNGUARDED_AVAILABILITY = YES_AGGRESSIVE;
				CLANG_WARN_UNREACHABLE_CODE = YES;
				CLANG_WARN__DUPLICATE_METHOD_MATCH = YES;
				COPY_PHASE_STRIP = NO;
				DEBUG_INFORMATION_FORMAT = dwarf;
				ENABLE_STRICT_OBJC_MSGSEND = YES;
				ENABLE_TESTABILITY = YES;
				GCC_C_LANGUAGE_STANDARD = gnu11;
				GCC_DYNAMIC_NO_PIC = NO;
				GCC_NO_COMMON_BLOCKS = YES;
				GCC_OPTIMIZATION_LEVEL = 0;
				GCC_PREPROCESSOR_DEFINITIONS = (
					"DEBUG=1",
					"$(inherited)",
				);
				GCC_WARN_64_TO_32_BIT_CONVERSION = YES;
				GCC_WARN_ABOUT_RETURN_TYPE = YES_ERROR;
				GCC_WARN_UNDECLARED_SELECTOR = YES;
				GCC_WARN_UNINITIALIZED_AUTOS = YES_AGGRESSIVE;
				GCC_WARN_UNUSED_FUNCTION = YES;
				GCC_WARN_UNUSED_VARIABLE = YES;
				IPHONEOS_DEPLOYMENT_TARGET = 16.0;
				MTL_ENABLE_DEBUG_INFO = INCLUDE_SOURCE;
				MTL_FAST_MATH = YES;
				ONLY_ACTIVE_ARCH = YES;
				SDKROOT = iphoneos;
				SWIFT_ACTIVE_COMPILATION_CONDITIONS = DEBUG;
				SWIFT_OPTIMIZATION_LEVEL = "-Onone";
			};
			name = Debug;
		};
		814155472938FDD5001792F6 /* Release */ = {
			isa = XCBuildConfiguration;
			buildSettings = {
				ALWAYS_SEARCH_USER_PATHS = NO;
				CLANG_ANALYZER_NONNULL = YES;
				CLANG_ANALYZER_NUMBER_OBJECT_CONVERSION = YES_AGGRESSIVE;
				CLANG_CXX_LANGUAGE_STANDARD = "gnu++20";
				CLANG_ENABLE_MODULES = YES;
				CLANG_ENABLE_OBJC_ARC = YES;
				CLANG_ENABLE_OBJC_WEAK = YES;
				CLANG_WARN_BLOCK_CAPTURE_AUTORELEASING = YES;
				CLANG_WARN_BOOL_CONVERSION = YES;
				CLANG_WARN_COMMA = YES;
				CLANG_WARN_CONSTANT_CONVERSION = YES;
				CLANG_WARN_DEPRECATED_OBJC_IMPLEMENTATIONS = YES;
				CLANG_WARN_DIRECT_OBJC_ISA_USAGE = YES_ERROR;
				CLANG_WARN_DOCUMENTATION_COMMENTS = YES;
				CLANG_WARN_EMPTY_BODY = YES;
				CLANG_WARN_ENUM_CONVERSION = YES;
				CLANG_WARN_INFINITE_RECURSION = YES;
				CLANG_WARN_INT_CONVERSION = YES;
				CLANG_WARN_NON_LITERAL_NULL_CONVERSION = YES;
				CLANG_WARN_OBJC_IMPLICIT_RETAIN_SELF = YES;
				CLANG_WARN_OBJC_LITERAL_CONVERSION = YES;
				CLANG_WARN_OBJC_ROOT_CLASS = YES_ERROR;
				CLANG_WARN_QUOTED_INCLUDE_IN_FRAMEWORK_HEADER = YES;
				CLANG_WARN_RANGE_LOOP_ANALYSIS = YES;
				CLANG_WARN_STRICT_PROTOTYPES = YES;
				CLANG_WARN_SUSPICIOUS_MOVE = YES;
				CLANG_WARN_UNGUARDED_AVAILABILITY = YES_AGGRESSIVE;
				CLANG_WARN_UNREACHABLE_CODE = YES;
				CLANG_WARN__DUPLICATE_METHOD_MATCH = YES;
				COPY_PHASE_STRIP = NO;
				DEBUG_INFORMATION_FORMAT = "dwarf-with-dsym";
				ENABLE_NS_ASSERTIONS = NO;
				ENABLE_STRICT_OBJC_MSGSEND = YES;
				GCC_C_LANGUAGE_STANDARD = gnu11;
				GCC_NO_COMMON_BLOCKS = YES;
				GCC_WARN_64_TO_32_BIT_CONVERSION = YES;
				GCC_WARN_ABOUT_RETURN_TYPE = YES_ERROR;
				GCC_WARN_UNDECLARED_SELECTOR = YES;
				GCC_WARN_UNINITIALIZED_AUTOS = YES_AGGRESSIVE;
				GCC_WARN_UNUSED_FUNCTION = YES;
				GCC_WARN_UNUSED_VARIABLE = YES;
				IPHONEOS_DEPLOYMENT_TARGET = 16.0;
				MTL_ENABLE_DEBUG_INFO = NO;
				MTL_FAST_MATH = YES;
				SDKROOT = iphoneos;
				SWIFT_COMPILATION_MODE = wholemodule;
				SWIFT_OPTIMIZATION_LEVEL = "-O";
				VALIDATE_PRODUCT = YES;
			};
			name = Release;
		};
		814155492938FDD5001792F6 /* Debug */ = {
			isa = XCBuildConfiguration;
			buildSettings = {
				ASSETCATALOG_COMPILER_APPICON_NAME = AppIcon;
				ASSETCATALOG_COMPILER_GLOBAL_ACCENT_COLOR_NAME = AccentColor;
				CODE_SIGN_STYLE = Automatic;
				CURRENT_PROJECT_VERSION = 1;
				DEVELOPMENT_ASSET_PATHS = "\"Badges/Preview Content\"";
				DEVELOPMENT_TEAM = NV6J4U7XBC;
				ENABLE_PREVIEWS = YES;
				GENERATE_INFOPLIST_FILE = YES;
				INFOPLIST_KEY_UIApplicationSceneManifest_Generation = YES;
				INFOPLIST_KEY_UIApplicationSupportsIndirectInputEvents = YES;
				INFOPLIST_KEY_UILaunchScreen_Generation = YES;
				INFOPLIST_KEY_UISupportedInterfaceOrientations_iPad = "UIInterfaceOrientationPortrait UIInterfaceOrientationPortraitUpsideDown UIInterfaceOrientationLandscapeLeft UIInterfaceOrientationLandscapeRight";
				INFOPLIST_KEY_UISupportedInterfaceOrientations_iPhone = "UIInterfaceOrientationPortrait UIInterfaceOrientationLandscapeLeft UIInterfaceOrientationLandscapeRight";
				LD_RUNPATH_SEARCH_PATHS = (
					"$(inherited)",
					"@executable_path/Frameworks",
				);
				MARKETING_VERSION = 1.0;
				PRODUCT_BUNDLE_IDENTIFIER = try.Badges;
				PRODUCT_NAME = "$(TARGET_NAME)";
				SWIFT_EMIT_LOC_STRINGS = YES;
				SWIFT_VERSION = 5.0;
				TARGETED_DEVICE_FAMILY = "1,2";
			};
			name = Debug;
		};
		8141554A2938FDD5001792F6 /* Release */ = {
			isa = XCBuildConfiguration;
			buildSettings = {
				ASSETCATALOG_COMPILER_APPICON_NAME = AppIcon;
				ASSETCATALOG_COMPILER_GLOBAL_ACCENT_COLOR_NAME = AccentColor;
				CODE_SIGN_STYLE = Automatic;
				CURRENT_PROJECT_VERSION = 1;
				DEVELOPMENT_ASSET_PATHS = "\"Badges/Preview Content\"";
				DEVELOPMENT_TEAM = NV6J4U7XBC;
				ENABLE_PREVIEWS = YES;
				GENERATE_INFOPLIST_FILE = YES;
				INFOPLIST_KEY_UIApplicationSceneManifest_Generation = YES;
				INFOPLIST_KEY_UIApplicationSupportsIndirectInputEvents = YES;
				INFOPLIST_KEY_UILaunchScreen_Generation = YES;
				INFOPLIST_KEY_UISupportedInterfaceOrientations_iPad = "UIInterfaceOrientationPortrait UIInterfaceOrientationPortraitUpsideDown UIInterfaceOrientationLandscapeLeft UIInterfaceOrientationLandscapeRight";
				INFOPLIST_KEY_UISupportedInterfaceOrientations_iPhone = "UIInterfaceOrientationPortrait UIInterfaceOrientationLandscapeLeft UIInterfaceOrientationLandscapeRight";
				LD_RUNPATH_SEARCH_PATHS = (
					"$(inherited)",
					"@executable_path/Frameworks",
				);
				MARKETING_VERSION = 1.0;
				PRODUCT_BUNDLE_IDENTIFIER = try.Badges;
				PRODUCT_NAME = "$(TARGET_NAME)";
				SWIFT_EMIT_LOC_STRINGS = YES;
				SWIFT_VERSION = 5.0;
				TARGETED_DEVICE_FAMILY = "1,2";
			};
			name = Release;
		};
/* End XCBuildConfiguration section */

/* Begin XCConfigurationList section */
		814155352938FDD4001792F6 /* Build configuration list for PBXProject "Badges" */ = {
			isa = XCConfigurationList;
			buildConfigurations = (
				814155462938FDD5001792F6 /* Debug */,
				814155472938FDD5001792F6 /* Release */,
			);
			defaultConfigurationIsVisible = 0;
			defaultConfigurationName = Release;
		};
		814155482938FDD5001792F6 /* Build configuration list for PBXNativeTarget "Badges" */ = {
			isa = XCConfigurationList;
			buildConfigurations = (
				814155492938FDD5001792F6 /* Debug */,
				8141554A2938FDD5001792F6 /* Release */,
			);
			defaultConfigurationIsVisible = 0;
			defaultConfigurationName = Release;
		};
/* End XCConfigurationList section */
	};
	rootObject = 814155322938FDD4001792F6 /* Project object */;
}
